
Microsoft Visual Studio Solution File, Format Version 12.00
# Visual Studio Version 17
VisualStudioVersion = 17.5.002.0
MinimumVisualStudioVersion = 10.0.40219.1
Project("{9A19103F-16F7-4668-BE54-9A1E7A4F7556}") = "DesafioPOO", "DesafioPOO.csproj", "{442477BD-C0F2-4073-89C3-D9B7DA3EA888}"
EndProject
Global
	GlobalSection(SolutionConfigurationPlatforms) = preSolution
		Debug|Any CPU = Debug|Any CPU
		Release|Any CPU = Release|Any CPU
	EndGlobalSection
	GlobalSection(ProjectConfigurationPlatforms) = postSolution
		{442477BD-C0F2-4073-89C3-D9B7DA3EA888}.Debug|Any CPU.ActiveCfg = Debug|Any CPU
		{442477BD-C0F2-4073-89C3-D9B7DA3EA888}.Debug|Any CPU.Build.0 = Debug|Any CPU
		{442477BD-C0F2-4073-89C3-D9B7DA3EA888}.Release|Any CPU.ActiveCfg = Release|Any CPU
		{442477BD-C0F2-4073-89C3-D9B7DA3EA888}.Release|Any CPU.Build.0 = Release|Any CPU
	EndGlobalSection
	GlobalSection(SolutionProperties) = preSolution
		HideSolutionNode = FALSE
	EndGlobalSection
	GlobalSection(ExtensibilityGlobals) = postSolution
		SolutionGuid = {E9028D98-3C03-461D-B771-22105D8D46BE}
	EndGlobalSection
EndGlobal
